
Microsoft Visual Studio Solution File, Format Version 12.00
# Visual Studio Version 17
VisualStudioVersion = 17.5.33516.290
MinimumVisualStudioVersion = 10.0.40219.1
Project("{8BC9CEB8-8B4A-11D0-8D11-00A0C91BC942}") = "LIsta_de_alumnos2", "LIsta_de_alumnos2\LIsta_de_alumnos2.vcxproj", "{F42EB37F-428F-4460-B816-FB3B81F03925}"
EndProject
Global
	GlobalSection(SolutionConfigurationPlatforms) = preSolution
		Debug|x64 = Debug|x64
		Debug|x86 = Debug|x86
		Release|x64 = Release|x64
		Release|x86 = Release|x86
	EndGlobalSection
	GlobalSection(ProjectConfigurationPlatforms) = postSolution
		{F42EB37F-428F-4460-B816-FB3B81F03925}.Debug|x64.ActiveCfg = Debug|x64
		{F42EB37F-428F-4460-B816-FB3B81F03925}.Debug|x64.Build.0 = Debug|x64
		{F42EB37F-428F-4460-B816-FB3B81F03925}.Debug|x86.ActiveCfg = Debug|Win32
		{F42EB37F-428F-4460-B816-FB3B81F03925}.Debug|x86.Build.0 = Debug|Win32
		{F42EB37F-428F-4460-B816-FB3B81F03925}.Release|x64.ActiveCfg = Release|x64
		{F42EB37F-428F-4460-B816-FB3B81F03925}.Release|x64.Build.0 = Release|x64
		{F42EB37F-428F-4460-B816-FB3B81F03925}.Release|x86.ActiveCfg = Release|Win32
		{F42EB37F-428F-4460-B816-FB3B81F03925}.Release|x86.Build.0 = Release|Win32
	EndGlobalSection
	GlobalSection(SolutionProperties) = preSolution
		HideSolutionNode = FALSE
	EndGlobalSection
	GlobalSection(ExtensibilityGlobals) = postSolution
		SolutionGuid = {D6BB4441-FF1D-4DAF-99F2-A31B6DD114A5}
	EndGlobalSection
EndGlobal
